version = 1
revision = 3
requires-python = ">=3.5"
resolution-markers = [
    "python_full_version >= '3.6'",
    "python_full_version < '3.6'",
]

[[package]]
name = "aiocontextvars"
version = "0.2.2"
source = { registry = "https://pypi.org/simple" }
dependencies = [
    { name = "contextvars", marker = "python_full_version < '3.7'" },
]
sdist = { url = "https://files.pythonhosted.org/packages/fb/f4/26986cd042d5f9e4847c8af6274588fae6c9f2ec67e332890572ae9f3bb2/aiocontextvars-0.2.2.tar.gz", hash = "sha256:f027372dc48641f683c559f247bd84962becaacdc9ba711d583c3871fb5652aa", size = 13565, upload-time = "2019-04-08T22:40:33.205Z" }
wheels = [
    { url = "https://files.pythonhosted.org/packages/db/c1/7a723e8d988de0a2e623927396e54b6831b68cb80dce468c945b849a9385/aiocontextvars-0.2.2-py2.py3-none-any.whl", hash = "sha256:885daf8261818767d8f7cbd79f9d4482d118f024b6586ef6e67980236a27bfa3", size = 4911, upload-time = "2019-04-08T22:40:32.139Z" },
]

[[package]]
name = "colorama"
version = "0.4.6"
source = { registry = "https://pypi.org/simple" }
sdist = { url = "https://files.pythonhosted.org/packages/d8/53/6f443c9a4a8358a93a6792e2acffb9d9d5cb0a5cfd8802644b7b1c9a02e4/colorama-0.4.6.tar.gz", hash = "sha256:08695f5cb7ed6e0531a20572697297273c47b8cae5a63ffc6d6ed5c201be6e44", size = 27697, upload-time = "2022-10-25T02:36:22.414Z" }
wheels = [
    { url = "https://files.pythonhosted.org/packages/d1/d6/3965ed04c63042e047cb6a3e6ed1a63a35087b6a609aa3a15ed8ac56c221/colorama-0.4.6-py2.py3-none-any.whl", hash = "sha256:4f1d9991f5acc0ca119f9d443620b77f9d6b33703e51011c16baf57afb285fc6", size = 25335, upload-time = "2022-10-25T02:36:20.889Z" },
]

[[package]]
name = "contextvars"
version = "2.4"
source = { registry = "https://pypi.org/simple" }
dependencies = [
    { name = "immutables", version = "0.15", source = { registry = "https://pypi.org/simple" }, marker = "python_full_version < '3.6'" },
    { name = "immutables", version = "0.19", source = { registry = "https://pypi.org/simple" }, marker = "python_full_version >= '3.6'" },
]
sdist = { url = "https://files.pythonhosted.org/packages/83/96/55b82d9f13763be9d672622e1b8106c85acb83edd7cc2fa5bc67cd9877e9/contextvars-2.4.tar.gz", hash = "sha256:f38c908aaa59c14335eeea12abea5f443646216c4e29380d7bf34d2018e2c39e", size = 9570, upload-time = "2019-04-01T14:42:11.953Z" }

[[package]]
name = "immutables"
version = "0.15"
source = { registry = "https://pypi.org/simple" }
resolution-markers = [
    "python_full_version < '3.6'",
]
sdist = { url = "https://files.pythonhosted.org/packages/d5/33/1187e0fcc0a521a72234b011e06cff99f8a204e1125ea791c190bd780de7/immutables-0.15.tar.gz", hash = "sha256:3713ab1ebbb6946b7ce1387bb9d1d7f5e09c45add58c2a2ee65f963c171e746b", size = 44913, upload-time = "2021-02-10T05:00:03.43Z" }
wheels = [
    { url = "https://files.pythonhosted.org/packages/c7/ac/162c7556ec00b777458b3d93d2d03a3fd0971911ceda8a3c3fda5e3233d6/immutables-0.15-cp35-cp35m-macosx_10_14_x86_64.whl", hash = "sha256:6728f4392e3e8e64b593a5a0cd910a1278f07f879795517e09f308daed138631", size = 53885, upload-time = "2021-02-10T04:59:48.896Z" },
    { url = "https://files.pythonhosted.org/packages/d8/b8/97c6e23aa267287aa382dd6fe4358550a8b6f38bcc48bcde7d82e300d5d1/immutables-0.15-cp35-cp35m-manylinux1_x86_64.whl", hash = "sha256:f0836cd3bdc37c8a77b192bbe5f41dbcc3ce654db048ebbba89bdfe6db7a1c7a", size = 100489, upload-time = "2021-02-10T04:59:50.086Z" },
    { url = "https://files.pythonhosted.org/packages/d7/88/487f1661c6556d385ec1d5d42964e33e736c7a624fda5237407bdf456a40/immutables-0.15-cp36-cp36m-macosx_10_14_x86_64.whl", hash = "sha256:8703d8abfd8687932f2a05f38e7de270c3a6ca3bd1c1efb3c938656b3f2f985a", size = 53887, upload-time = "2021-02-10T04:59:50.903Z" },
    { url = "https://files.pythonhosted.org/packages/4a/52/e64a14a99c509cbdfe0405e9f076aef0331cb9548a3efa1d5bacd524978a/immutables-0.15-cp36-cp36m-manylinux1_x86_64.whl", hash = "sha256:b8ad986f9b532c026f19585289384b0769188fcb68b37c7f0bd0df9092a6ca54", size = 100615, upload-time = "2021-02-10T04:59:51.998Z" },
    { url = "https://files.pythonhosted.org/packages/e7/38/3d27860c43cf8ee8a395158dae06c3c1f45a19b4bce7f0cd360eff029c28/immutables-0.15-cp36-cp36m-win_amd64.whl", hash = "sha256:6f117d9206165b9dab8fd81c5129db757d1a044953f438654236ed9a7a4224ae", size = 56021, upload-time = "2021-02-10T04:59:52.921Z" },
    { url = "https://files.pythonhosted.org/packages/55/1a/fdd45a7f06a3baa1125c2774a284c04772d3d03ced5b45c9bd3a5947d445/immutables-0.15-cp37-cp37m-macosx_10_14_x86_64.whl", hash = "sha256:b75ade826920c4e490b1bb14cf967ac14e61eb7c5562161c5d7337d61962c226", size = 53888, upload-time = "2021-02-10T04:59:53.72Z" },
    { url = "https://files.pythonhosted.org/packages/ab/46/d2feb89eb17c981208037cfeeadb854ce066a5a23d0aba616afd9dfa0c05/immutables-0.15-cp37-cp37m-manylinux1_x86_64.whl", hash = "sha256:b7e13c061785e34f73c4f659861f1b3e4a5fd918e4395c84b21c4e3d449ebe27", size = 101561, upload-time = "2021-02-10T04:59:54.494Z" },
    { url = "https://files.pythonhosted.org/packages/86/dd/f618e6de176586dabcffa6e41df2db761d6c086d07f54d13bc5d3e2b5f9c/immutables-0.15-cp37-cp37m-win_amd64.whl", hash = "sha256:3035849accee4f4e510ed7c94366a40e0f5fef9069fbe04a35f4787b13610a4a", size = 56018, upload-time = "2021-02-10T04:59:55.576Z" },
    { url = "https://files.pythonhosted.org/packages/a1/76/0ffd1d2c874b1edf4eb69caebc7f65d37c1a405261bffd0e35e5e9e40089/immutables-0.15-cp38-cp38-macosx_10_14_x86_64.whl", hash = "sha256:b04fa69174e0c8f815f9c55f2a43fc9e5a68452fab459a08e904a74e8471639f", size = 53921, upload-time = "2021-02-10T04:59:56.822Z" },
    { url = "https://files.pythonhosted.org/packages/72/9a/1b813d91638861777d4b87d0f0664094af4bf6d31c0bf71ed1373eab3f5e/immutables-0.15-cp38-cp38-manylinux1_x86_64.whl", hash = "sha256:141c2e9ea515a3a815007a429f0b47a578ebeb42c831edaec882a245a35fffca", size = 105189, upload-time = "2021-02-10T04:59:58.003Z" },
    { url = "https://files.pythonhosted.org/packages/a3/0e/5281336e67c0c4a556a87b26f5389a76eabd8213debac4aef9024d2fde0d/immutables-0.15-cp38-cp38-win_amd64.whl", hash = "sha256:cbe8c64640637faa5535d539421b293327f119c31507c33ca880bd4f16035eb6", size = 56005, upload-time = "2021-02-10T04:59:59.25Z" },
    { url = "https://files.pythonhosted.org/packages/07/c2/59cbda9df8c32e3d7f94a37877d33408df872158a4e87fbd81691ae74913/immutables-0.15-cp39-cp39-macosx_10_14_x86_64.whl", hash = "sha256:a0a4e4417d5ef4812d7f99470cd39347b58cb927365dd2b8da9161040d260db0", size = 53866, upload-time = "2021-02-10T05:00:00.572Z" },
    { url = "https://files.pythonhosted.org/packages/a5/2f/6a4d19a4cf91fe35b45a95394868f0076c702d03c14f8b9a8c9b125ee43a/immutables-0.15-cp39-cp39-manylinux1_x86_64.whl", hash = "sha256:3b15c08c71c59e5b7c2470ef949d49ff9f4263bb77f488422eaa157da84d6999", size = 102665, upload-time = "2021-02-10T05:00:01.705Z" },
    { url = "https://files.pythonhosted.org/packages/87/25/037f3b10e392d7b14da307d28b718476a2d02d6ebf6c357d0b0b839689f1/immutables-0.15-cp39-cp39-win_amd64.whl", hash = "sha256:2283a93c151566e6830aee0e5bee55fc273455503b43aa004356b50f9182092b", size = 55929, upload-time = "2021-02-10T05:00:02.562Z" },
]

[[package]]
name = "immutables"
version = "0.19"
source = { registry = "https://pypi.org/simple" }
resolution-markers = [
    "python_full_version >= '3.6'",
]
dependencies = [
    { name = "typing-extensions", marker = "python_full_version >= '3.6' and python_full_version < '3.8'" },
]
sdist = { url = "https://files.pythonhosted.org/packages/c3/bf/113933c9d098c58cee52c68a205cd449bcc331c32156267d337125780bf6/immutables-0.19.tar.gz", hash = "sha256:df17942d60e8080835fcc5245aa6928ef4c1ed567570ec019185798195048dcf", size = 85490, upload-time = "2022-09-14T17:51:11.264Z" }
wheels = [
    { url = "https://files.pythonhosted.org/packages/ad/80/56651023cb47e7108c5c1e39020f936163ca40965812a69d484adaff3e83/immutables-0.19-cp310-cp310-macosx_10_9_universal2.whl", hash = "sha256:fef6743f8c3098ae46d9a2a3606b04a91c62e216487d91e90ce5c7419da3f803", size = 73733, upload-time = "2022-09-14T17:50:16.826Z" },
    { url = "https://files.pythonhosted.org/packages/d7/01/779f8d211bcaa6950a4f8db5ed2676ab2d581c87a83787bcc63acf5df6d9/immutables-0.19-cp310-cp310-macosx_10_9_x86_64.whl", hash = "sha256:cfb62119b7302a37cb4a1db44234dab9acda60ba93e3c28489969722e85237b7", size = 57151, upload-time = "2022-09-14T17:50:18.188Z" },
    { url = "https://files.pythonhosted.org/packages/ae/d2/71b2134396257aa5c17fd622582e365ee81cae9a6a57164a06037e9cc57f/immutables-0.19-cp310-cp310-manylinux_2_17_aarch64.manylinux2014_aarch64.whl", hash = "sha256:1d55b886e92ef5abfc4b066f404d956ca5789a2f8f738d448300fba40930a631", size = 120591, upload-time = "2022-09-14T17:50:19.392Z" },
    { url = "https://files.pythonhosted.org/packages/8d/1a/b509dba90da0d7c842cfd72f1eceb6ffd60b71894cfcdab601a3c4fe208f/immutables-0.19-cp310-cp310-manylinux_2_5_x86_64.manylinux1_x86_64.manylinux_2_17_x86_64.manylinux2014_x86_64.whl", hash = "sha256:40f1c3ab3ae690a55a2f61039705a110f0e23717d6d8a62a84600fc7cf5934dc", size = 120809, upload-time = "2022-09-14T17:50:20.811Z" },
    { url = "https://files.pythonhosted.org/packages/bd/dc/a8f53aba8c49fdfac55802c4fb4d7dc5b3fa0445b01a97ad7636098af212/immutables-0.19-cp310-cp310-musllinux_1_1_aarch64.whl", hash = "sha256:f3096afb376b9b3651a3b92affd1896b4dcefde209f412572f7e3924f6749a49", size = 120649, upload-time = "2022-09-14T17:50:22.098Z" },
    { url = "https://files.pythonhosted.org/packages/64/7d/753a80984f8e2ee63d82c439739ffb83a387ab7857a71b02d5b1600abc5f/immutables-0.19-cp310-cp310-musllinux_1_1_x86_64.whl", hash = "sha256:85bcb5a7c33100c1b2eeb8c71e5f80acab4c9dde074b2c2ca8e3dfb6830ce813", size = 119965, upload-time = "2022-09-14T17:50:24.192Z" },
    { url = "https://files.pythonhosted.org/packages/9b/dc/d50e8f86a84a5a3dbda05e7108d9d7d2d32b92305ea0e8d9257b3fefcc7d/immutables-0.19-cp310-cp310-win_amd64.whl", hash = "sha256:620c166e76030ca4772ea64e5190f8347a730a0af85b743820d351f211004397", size = 58723, upload-time = "2022-09-14T17:50:25.505Z" },
    { url = "https://files.pythonhosted.org/packages/9c/ac/fe16dabaa1b3e8e8c51cd452d9a2444dc942462ed67427a57f298834eee0/immutables-0.19-cp311-cp311-macosx_10_9_universal2.whl", hash = "sha256:c1774f298db9d460e50c40dfc9cfe7dd8a0de22c22f1de9a1f9a468daa1201dc", size = 74426, upload-time = "2022-09-14T17:50:27.037Z" },
    { url = "https://files.pythonhosted.org/packages/45/19/4356a2caeb3c5b64668cdc8ac1eb3117fb3aaf54c361b31591d2cfb932e1/immutables-0.19-cp311-cp311-macosx_10_9_x86_64.whl", hash = "sha256:24dbdc28779a2b75e06224609f4fc850ba61b7e1b74e32ec808c6430a535be2d", size = 57172, upload-time = "2022-09-14T17:50:28.531Z" },
    { url = "https://files.pythonhosted.org/packages/b7/e7/6309ac964d2fbbfedec2ffd4d65e234ba6b8c9283c0919e11946f0679295/immutables-0.19-cp311-cp311-manylinux_2_17_aarch64.manylinux2014_aarch64.whl", hash = "sha256:9b8c0a4264e3ba2f025f4517ce67f0d0869106a625dbda08758cbf4dd6b6dd1f", size = 123513, upload-time = "2022-09-14T17:50:29.653Z" },
    { url = "https://files.pythonhosted.org/packages/d5/03/07e19933bf55f475fad836889ca46231113f39b32b987414e5084988cffa/immutables-0.19-cp311-cp311-manylinux_2_5_x86_64.manylinux1_x86_64.manylinux_2_17_x86_64.manylinux2014_x86_64.whl", hash = "sha256:28d1ee66424c2db998d27ebe0a331c7e09627e54a402848b2897cb6ef4dc4d7e", size = 123625, upload-time = "2022-09-14T17:50:30.826Z" },
    { url = "https://files.pythonhosted.org/packages/6b/d3/5305f82ae8d1655e7a5601fce246398332c1550ffed162782846e4430a8f/immutables-0.19-cp311-cp311-musllinux_1_1_aarch64.whl", hash = "sha256:6f857aec0e0455986fd1f41234c867c3daf5a89ff7f54d493d4eb3c233d36d3c", size = 122490, upload-time = "2022-09-14T17:50:32.177Z" },
    { url = "https://files.pythonhosted.org/packages/ce/b6/3e0be90b335e9d469cf48f3749fe43fcdbedeea5c24337497f8c02c6d646/immutables-0.19-cp311-cp311-musllinux_1_1_x86_64.whl", hash = "sha256:119c60a05cb35add45c1e592e23a5cbb9db03161bb89d1596b920d9341173982", size = 121940, upload-time = "2022-09-14T17:50:33.534Z" },
    { url = "https://files.pythonhosted.org/packages/dc/f9/5bcd6e376d728d1f9208d6d48e12822c6312dc39ddcdc42a98a623ba0d1a/immutables-0.19-cp311-cp311-win_amd64.whl", hash = "sha256:3fbad255e404b4cbcf3477b384a1e400bd8f28cbbfc2df8d3885abe3bfc7b909", size = 58723, upload-time = "2022-09-14T17:50:34.782Z" },
    { url = "https://files.pythonhosted.org/packages/1a/1f/1ba27437d9708a72199bd877d2e7cb9abd560aee2e4d8960faa52fd72e9b/immutables-0.19-cp36-cp36m-macosx_10_9_x86_64.whl", hash = "sha256:6660e185354a1cb59ecc130f2b85b50d666d4417be668ce6ba83d4be79f55d34", size = 57005, upload-time = "2022-09-14T17:50:36.408Z" },
    { url = "https://files.pythonhosted.org/packages/38/e6/9a1f06d1d9936bd784dc2ded8f13e27ef21474b8679b79be0a1906fa49b5/immutables-0.19-cp36-cp36m-manylinux_2_17_aarch64.manylinux2014_aarch64.whl", hash = "sha256:37de95c1d79707d95f50d0ab79e067bee52381afc967ff031ac4c822c14f43a8", size = 114824, upload-time = "2022-09-14T17:50:37.577Z" },
    { url = "https://files.pythonhosted.org/packages/fb/ad/154c84dcb517f534c74accd5811d00d41af112ccfe505b7013f32efebb9e/immutables-0.19-cp36-cp36m-manylinux_2_5_x86_64.manylinux1_x86_64.manylinux_2_17_x86_64.manylinux2014_x86_64.whl", hash = "sha256:ed61dbc963251bec7281cdb0c148176bbd70519d21fd05bce4c484632cdc3b2c", size = 116084, upload-time = "2022-09-14T17:50:39.969Z" },
    { url = "https://files.pythonhosted.org/packages/8d/03/b95cbaaa7fbb42bc31026e83ddd674a7daf4004d1faa3428bb75575f7a32/immutables-0.19-cp36-cp36m-musllinux_1_1_aarch64.whl", hash = "sha256:7da9356a163993e01785a211b47c6a0038b48d1235b68479a0053c2c4c3cf666", size = 115488, upload-time = "2022-09-14T17:50:41.735Z" },
    { url = "https://files.pythonhosted.org/packages/93/0b/60ef6f9cca8a4da21667c70c9b1261bccaf0a9b981e937d18767151e99e4/immutables-0.19-cp36-cp36m-musllinux_1_1_x86_64.whl", hash = "sha256:41d8cae52ea527f9c6dccdf1e1553106c482496acc140523034f91877ccbc103", size = 114973, upload-time = "2022-09-14T17:50:42.968Z" },
    { url = "https://files.pythonhosted.org/packages/24/ed/96c68dcba132ad2a57b5d499b5a337395b2c25f09f348ab4135d56b9ecc9/immutables-0.19-cp36-cp36m-win_amd64.whl", hash = "sha256:e95f0826f184920adb3cdf830f409f1c1d4e943e4dc50242538c4df9d51eea72", size = 58827, upload-time = "2022-09-14T17:50:44.38Z" },
    { url = "https://files.pythonhosted.org/packages/d0/6c/8a661a22f1483bcdf86a7c1a2d2b054b312cfb3b2726f69750b8b1b323dd/immutables-0.19-cp37-cp37m-macosx_10_9_x86_64.whl", hash = "sha256:50608784e33c88da8c0e06e75f6725865cf2e345c8f3eeb83cb85111f737e986", size = 56983, upload-time = "2022-09-14T17:50:46.003Z" },
    { url = "https://files.pythonhosted.org/packages/ab/2b/637bdff7e2fab322cd97b03af01c7a3370c52bf1e39956c0cf7012b96d3b/immutables-0.19-cp37-cp37m-manylinux_2_17_aarch64.manylinux2014_aarch64.whl", hash = "sha256:1cbd4d9dc531ee24b2387141a5968e923bb6174d13695e730cde0887aadda557", size = 115898, upload-time = "2022-09-14T17:50:47.162Z" },
    { url = "https://files.pythonhosted.org/packages/0a/60/afe1951d8dd21c7682ab8c9292f87c8b1232bd2a11cc2620c42b0b897bb5/immutables-0.19-cp37-cp37m-manylinux_2_5_x86_64.manylinux1_x86_64.manylinux_2_17_x86_64.manylinux2014_x86_64.whl", hash = "sha256:eed8988dc4ebde8d527dbe4dea68cb9fe6d43bc56df60d6015130dc4abd2ab34", size = 117043, upload-time = "2022-09-14T17:50:48.828Z" },
    { url = "https://files.pythonhosted.org/packages/48/07/bc38756afab1c920809c25dc280f4feae7878e1034ba874983d14f60f3e8/immutables-0.19-cp37-cp37m-musllinux_1_1_aarch64.whl", hash = "sha256:c830c9afc6fcb4a7d6d74230d6290987e664418026a15488ad00d8a3dc5ec743", size = 116441, upload-time = "2022-09-14T17:50:49.983Z" },
    { url = "https://files.pythonhosted.org/packages/f6/11/5bdacfc5959a2fe1cdef4c649019587082f0588db3d425abe9a9bc943418/immutables-0.19-cp37-cp37m-musllinux_1_1_x86_64.whl", hash = "sha256:7c6cce2e87cd5369234b199037631cfed08e43813a1fdd750807d14404de195b", size = 115888, upload-time = "2022-09-14T17:50:51.143Z" },
    { url = "https://files.pythonhosted.org/packages/55/d2/ab10b55237e9750269502faa5ca2bd9c3c697289c0e0ded56c7cc263dfdb/immutables-0.19-cp37-cp37m-win_amd64.whl", hash = "sha256:10774f73af07b1648fa02f45f6ff88b3391feda65d4f640159e6eeec10540ece", size = 58805, upload-time = "2022-09-14T17:50:52.264Z" },
    { url = "https://files.pythonhosted.org/packages/1e/9e/becfc7d5444d5e42f83a6da51f9b50a3fba5917a34d87504eb3f5819a032/immutables-0.19-cp38-cp38-macosx_10_9_universal2.whl", hash = "sha256:a208a945ea817b1455b5b0f9c33c097baf6443b50d749a3dc32ff445e41b81d2", size = 73879, upload-time = "2022-09-14T17:50:53.464Z" },
    { url = "https://files.pythonhosted.org/packages/20/55/5438434191eec4d3037965c60544c079bc61b6f38144b16a1aba9fc16728/immutables-0.19-cp38-cp38-macosx_10_9_x86_64.whl", hash = "sha256:25a6225efb5e96fc95d84b2d280e35d8a82a1ae72a12857177d48cc289ac1e03", size = 57231, upload-time = "2022-09-14T17:50:54.606Z" },
    { url = "https://files.pythonhosted.org/packages/c2/b7/306752c1dcbd62b28d3a312b1055d777323aa11687255413f6bebd47a353/immutables-0.19-cp38-cp38-manylinux_2_17_aarch64.manylinux2014_aarch64.whl", hash = "sha256:5c0cf0d94b08e58896acf250cbc4682499c8a256fc6d0ee5c63d76a759a6a228", size = 125018, upload-time = "2022-09-14T17:50:55.778Z" },
    { url = "https://files.pythonhosted.org/packages/bf/d7/06e096166a707d278f07b7b98c10c0275d20910ab6244d45ce1f2fd60f29/immutables-0.19-cp38-cp38-manylinux_2_5_x86_64.manylinux1_x86_64.manylinux_2_17_x86_64.manylinux2014_x86_64.whl", hash = "sha256:64c74c5171f3a97b178b880746743a07b08e7d7f6055370bf04a94d50aea0643", size = 124416, upload-time = "2022-09-14T17:50:56.894Z" },
    { url = "https://files.pythonhosted.org/packages/e5/48/47b73c75f11c2a383d54afa042a32ae7d91b8a717d25a1aa2a3cf72e06f1/immutables-0.19-cp38-cp38-musllinux_1_1_aarch64.whl", hash = "sha256:8ababf72ed2a956b28f151d605a7bb1d4e1c59113f53bf2be4a586da3977b319", size = 123748, upload-time = "2022-09-14T17:50:58.081Z" },
    { url = "https://files.pythonhosted.org/packages/d0/31/8c772d0d28818d7ad45a36e8a6dd5e6d1b1215690431548b5f2ac9f26fc0/immutables-0.19-cp38-cp38-musllinux_1_1_x86_64.whl", hash = "sha256:52a91917c65e6b9cfef7a2d2c3b0e00432a153aa8650785b7ee0897d80226278", size = 122918, upload-time = "2022-09-14T17:50:59.169Z" },
    { url = "https://files.pythonhosted.org/packages/14/3f/ae6d020e23a596d25d7c57f34f244c5a1e57fa0df273a87dd20441d2c48d/immutables-0.19-cp38-cp38-win_amd64.whl", hash = "sha256:bbe65c23779e12e0ecc3dec2c709ad22b7cc8b163895327bc173ae06a8b73425", size = 58839, upload-time = "2022-09-14T17:51:00.395Z" },
    { url = "https://files.pythonhosted.org/packages/03/59/3124bd7741388be2d314ba7d51793bbeed00e92c9e624a8642b06b1ddcca/immutables-0.19-cp39-cp39-macosx_10_9_universal2.whl", hash = "sha256:480cc5d62efcac66f9737ae0820acd39d39e516e6fdbcf46cbdc26f11b429fd7", size = 73729, upload-time = "2022-09-14T17:51:01.533Z" },
    { url = "https://files.pythonhosted.org/packages/3b/4f/6e8489f1a43c80477475e8b95340ec27c7ada630137d2c9ede8458b0e032/immutables-0.19-cp39-cp39-macosx_10_9_x86_64.whl", hash = "sha256:2d88ff44e131508def4740964076c3da273baeeb406c1fe139f18373ea4196dd", size = 57148, upload-time = "2022-09-14T17:51:03.339Z" },
    { url = "https://files.pythonhosted.org/packages/39/07/622f5c7ca80a6658d9590e1b9fdb9f6d7957eef9d3542099cc7501473fc8/immutables-0.19-cp39-cp39-manylinux_2_17_aarch64.manylinux2014_aarch64.whl", hash = "sha256:7fa3148393101b0c4571da523929ae90a5b4bfc933c270a11b802a34a921c608", size = 120165, upload-time = "2022-09-14T17:51:04.56Z" },
    { url = "https://files.pythonhosted.org/packages/a9/67/1205510e89139f784efc72f3c1b4368b90e30d434461eb947cfd7cd91c92/immutables-0.19-cp39-cp39-manylinux_2_5_x86_64.manylinux1_x86_64.manylinux_2_17_x86_64.manylinux2014_x86_64.whl", hash = "sha256:0575190a90c3fce6862ccdb09be3344741ff97a96e559893541886d372139f1c", size = 120382, upload-time = "2022-09-14T17:51:06.005Z" },
    { url = "https://files.pythonhosted.org/packages/39/df/435025bc02d58f33f84cbf598361c5fba0d48c7d4e5600c9e896eebab036/immutables-0.19-cp39-cp39-musllinux_1_1_aarch64.whl", hash = "sha256:3754b26ef18b5d1009ffdeafc17fbd877a79f0a126e1423069bd8ef51c54302d", size = 120255, upload-time = "2022-09-14T17:51:07.216Z" },
    { url = "https://files.pythonhosted.org/packages/c6/c8/385c7267af27bafed49c283da0ff674e23e53389eca69fe9ce2b01597309/immutables-0.19-cp39-cp39-musllinux_1_1_x86_64.whl", hash = "sha256:648142e16d49f5207ae52ee1b28dfa148206471967b9c9eaa5a9592fd32d5cef", size = 119574, upload-time = "2022-09-14T17:51:08.633Z" },
    { url = "https://files.pythonhosted.org/packages/16/72/3c22e78cffedc8cfe06c9539ead336882fe9ca91f01ae7bb688b1ca2fdd1/immutables-0.19-cp39-cp39-win_amd64.whl", hash = "sha256:199db9070ffa1a037e6650ddd63159907a210e4998f932bdf50e70615629db0c", size = 58766, upload-time = "2022-09-14T17:51:09.959Z" },
]

[[package]]
name = "loguru"
version = "0.7.3"
source = { registry = "https://pypi.org/simple" }
dependencies = [
    { name = "aiocontextvars", marker = "python_full_version < '3.7'" },
    { name = "colorama", marker = "sys_platform == 'win32'" },
    { name = "win32-setctime", marker = "sys_platform == 'win32'" },
]
sdist = { url = "https://files.pythonhosted.org/packages/3a/05/a1dae3dffd1116099471c643b8924f5aa6524411dc6c63fdae648c4f1aca/loguru-0.7.3.tar.gz", hash = "sha256:19480589e77d47b8d85b2c827ad95d49bf31b0dcde16593892eb51dd18706eb6", size = 63559, upload-time = "2024-12-06T11:20:56.608Z" }
wheels = [
    { url = "https://files.pythonhosted.org/packages/0c/29/0348de65b8cc732daa3e33e67806420b2ae89bdce2b04af740289c5c6c8c/loguru-0.7.3-py3-none-any.whl", hash = "sha256:31a33c10c8e1e10422bfd431aeb5d351c7cf7fa671e3c4df004162264b28220c", size = 61595, upload-time = "2024-12-06T11:20:54.538Z" },
]

[[package]]
name = "taulog"
version = "1.0.4"
source = { virtual = "." }
dependencies = [
    { name = "loguru" },
]

[package.metadata]
requires-dist = [{ name = "loguru", specifier = ">=0.7.3" }]

[[package]]
name = "typing-extensions"
version = "4.1.1"
source = { registry = "https://pypi.org/simple" }
sdist = { url = "https://files.pythonhosted.org/packages/b1/5a/8b5fbb891ef3f81fc923bf3cb4a578c0abf9471eb50ce0f51c74212182ab/typing_extensions-4.1.1.tar.gz", hash = "sha256:1a9462dcc3347a79b1f1c0271fbe79e844580bb598bafa1ed208b94da3cdcd42", size = 26694, upload-time = "2022-02-14T03:19:57.426Z" }
wheels = [
    { url = "https://files.pythonhosted.org/packages/45/6b/44f7f8f1e110027cf88956b59f2fad776cca7e1704396d043f89effd3a0e/typing_extensions-4.1.1-py3-none-any.whl", hash = "sha256:21c85e0fe4b9a155d0799430b0ad741cdce7e359660ccbd8b530613e8df88ce2", size = 26844, upload-time = "2022-02-14T03:19:55.773Z" },
]

[[package]]
name = "win32-setctime"
version = "1.2.0"
source = { registry = "https://pypi.org/simple" }
sdist = { url = "https://files.pythonhosted.org/packages/b3/8f/705086c9d734d3b663af0e9bb3d4de6578d08f46b1b101c2442fd9aecaa2/win32_setctime-1.2.0.tar.gz", hash = "sha256:ae1fdf948f5640aae05c511ade119313fb6a30d7eabe25fef9764dca5873c4c0", size = 4867, upload-time = "2024-12-07T15:28:28.314Z" }
wheels = [
    { url = "https://files.pythonhosted.org/packages/e1/07/c6fe3ad3e685340704d314d765b7912993bcb8dc198f0e7a89382d37974b/win32_setctime-1.2.0-py3-none-any.whl", hash = "sha256:95d644c4e708aba81dc3704a116d8cbc974d70b3bdb8be1d150e36be6e9d1390", size = 4083, upload-time = "2024-12-07T15:28:26.465Z" },
]
